
Microsoft Visual Studio Solution File, Format Version 12.00
# Visual Studio 2012
Project("{F184B08F-C81C-45F6-A57F-5ABD9991F28F}") = "Trabalho1", "Trabalho1\Trabalho1.vbproj", "{5E57E0B0-7BF2-4922-820C-E4A471A033A4}"
EndProject
Project("{2150E333-8FDC-42A3-9474-1A3956D46DE8}") = "Solution Items", "Solution Items", "{4CC5B972-9EAB-443C-9297-6C2B0762D586}"
	ProjectSection(SolutionItems) = preProject
		Performance1.psess = Performance1.psess
		Performance2.psess = Performance2.psess
	EndProjectSection
EndProject
Global
	GlobalSection(SolutionConfigurationPlatforms) = preSolution
		Debug|Any CPU = Debug|Any CPU
		Release|Any CPU = Release|Any CPU
	EndGlobalSection
	GlobalSection(ProjectConfigurationPlatforms) = postSolution
		{5E57E0B0-7BF2-4922-820C-E4A471A033A4}.Debug|Any CPU.ActiveCfg = Debug|Any CPU
		{5E57E0B0-7BF2-4922-820C-E4A471A033A4}.Debug|Any CPU.Build.0 = Debug|Any CPU
		{5E57E0B0-7BF2-4922-820C-E4A471A033A4}.Release|Any CPU.ActiveCfg = Release|Any CPU
		{5E57E0B0-7BF2-4922-820C-E4A471A033A4}.Release|Any CPU.Build.0 = Release|Any CPU
	EndGlobalSection
	GlobalSection(SolutionProperties) = preSolution
		HideSolutionNode = FALSE
	EndGlobalSection
EndGlobal
